// !$*UTF8*$!
{
	archiveVersion = 1;
	classes = {
	};
	objectVersion = 46;
	objects = {

/* Begin PBXBuildFile section */
		0F683080CAD86A558A1603A9 /* libPods-PBNetService.a in Frameworks */ = {isa = PBXBuildFile; fileRef = 66121C97DBEAE2FCF786EA8B /* libPods-PBNetService.a */; };
		60C815281F62326500CEC5D6 /* main.m in Sources */ = {isa = PBXBuildFile; fileRef = 60C815271F62326500CEC5D6 /* main.m */; };
		60C8152B1F62326600CEC5D6 /* AppDelegate.m in Sources */ = {isa = PBXBuildFile; fileRef = 60C8152A1F62326600CEC5D6 /* AppDelegate.m */; };
		60C8152E1F62326600CEC5D6 /* ViewController.m in Sources */ = {isa = PBXBuildFile; fileRef = 60C8152D1F62326600CEC5D6 /* ViewController.m */; };
		60C815311F62326700CEC5D6 /* Main.storyboard in Resources */ = {isa = PBXBuildFile; fileRef = 60C8152F1F62326700CEC5D6 /* Main.storyboard */; };
		60C815331F62326800CEC5D6 /* Assets.xcassets in Resources */ = {isa = PBXBuildFile; fileRef = 60C815321F62326800CEC5D6 /* Assets.xcassets */; };
		60C815361F62326800CEC5D6 /* LaunchScreen.storyboard in Resources */ = {isa = PBXBuildFile; fileRef = 60C815341F62326800CEC5D6 /* LaunchScreen.storyboard */; };
		60C815411F62326800CEC5D6 /* PBNetServiceTests.m in Sources */ = {isa = PBXBuildFile; fileRef = 60C815401F62326800CEC5D6 /* PBNetServiceTests.m */; };
		60C8154C1F62326900CEC5D6 /* PBNetServiceUITests.m in Sources */ = {isa = PBXBuildFile; fileRef = 60C8154B1F62326900CEC5D6 /* PBNetServiceUITests.m */; };
		60C8156D1F6233C600CEC5D6 /* balanceMap.json in Resources */ = {isa = PBXBuildFile; fileRef = 60C8155B1F6233C600CEC5D6 /* balanceMap.json */; };
		60C8156E1F6233C600CEC5D6 /* flk_dev.cer in Resources */ = {isa = PBXBuildFile; fileRef = 60C8155C1F6233C600CEC5D6 /* flk_dev.cer */; };
		60C8156F1F6233C600CEC5D6 /* flk_test.cer in Resources */ = {isa = PBXBuildFile; fileRef = 60C8155D1F6233C600CEC5D6 /* flk_test.cer */; };
		60C815701F6233C600CEC5D6 /* NSURLSessionTask+PBHelper.m in Sources */ = {isa = PBXBuildFile; fileRef = 60C815611F6233C600CEC5D6 /* NSURLSessionTask+PBHelper.m */; };
		60C815711F6233C600CEC5D6 /* FLKNetCore.m in Sources */ = {isa = PBXBuildFile; fileRef = 60C815651F6233C600CEC5D6 /* FLKNetCore.m */; };
		60C815721F6233C600CEC5D6 /* FLKSecurityPolicy.m in Sources */ = {isa = PBXBuildFile; fileRef = 60C815671F6233C600CEC5D6 /* FLKSecurityPolicy.m */; };
		60C815731F6233C600CEC5D6 /* FLKNetService.m in Sources */ = {isa = PBXBuildFile; fileRef = 60C815691F6233C600CEC5D6 /* FLKNetService.m */; };
		60C815741F6233C600CEC5D6 /* PBNetService.m in Sources */ = {isa = PBXBuildFile; fileRef = 60C8156C1F6233C600CEC5D6 /* PBNetService.m */; };
/* End PBXBuildFile section */

/* Begin PBXContainerItemProxy section */
		60C8153D1F62326800CEC5D6 /* PBXContainerItemProxy */ = {
			isa = PBXContainerItemProxy;
			containerPortal = 60C8151B1F62326400CEC5D6 /* Project object */;
			proxyType = 1;
			remoteGlobalIDString = 60C815221F62326400CEC5D6;
			remoteInfo = PBNetService;
		};
		60C815481F62326900CEC5D6 /* PBXContainerItemProxy */ = {
			isa = PBXContainerItemProxy;
			containerPortal = 60C8151B1F62326400CEC5D6 /* Project object */;
			proxyType = 1;
			remoteGlobalIDString = 60C815221F62326400CEC5D6;
			remoteInfo = PBNetService;
		};
/* End PBXContainerItemProxy section */

/* Begin PBXFileReference section */
		14097660FD12C1ECA7BF0077 /* Pods-PBNetService.debug.xcconfig */ = {isa = PBXFileReference; includeInIndex = 1; lastKnownFileType = text.xcconfig; name = "Pods-PBNetService.debug.xcconfig"; path = "Pods/Target Support Files/Pods-PBNetService/Pods-PBNetService.debug.xcconfig"; sourceTree = "<group>"; };
		60C815231F62326400CEC5D6 /* PBNetService.app */ = {isa = PBXFileReference; explicitFileType = wrapper.application; includeInIndex = 0; path = PBNetService.app; sourceTree = BUILT_PRODUCTS_DIR; };
		60C815271F62326500CEC5D6 /* main.m */ = {isa = PBXFileReference; lastKnownFileType = sourcecode.c.objc; path = main.m; sourceTree = "<group>"; };
		60C815291F62326500CEC5D6 /* AppDelegate.h */ = {isa = PBXFileReference; lastKnownFileType = sourcecode.c.h; path = AppDelegate.h; sourceTree = "<group>"; };
		60C8152A1F62326600CEC5D6 /* AppDelegate.m */ = {isa = PBXFileReference; lastKnownFileType = sourcecode.c.objc; path = AppDelegate.m; sourceTree = "<group>"; };
		60C8152C1F62326600CEC5D6 /* ViewController.h */ = {isa = PBXFileReference; lastKnownFileType = sourcecode.c.h; path = ViewController.h; sourceTree = "<group>"; };
		60C8152D1F62326600CEC5D6 /* ViewController.m */ = {isa = PBXFileReference; lastKnownFileType = sourcecode.c.objc; path = ViewController.m; sourceTree = "<group>"; };
		60C815301F62326700CEC5D6 /* Base */ = {isa = PBXFileReference; lastKnownFileType = file.storyboard; name = Base; path = Base.lproj/Main.storyboard; sourceTree = "<group>"; };
		60C815321F62326800CEC5D6 /* Assets.xcassets */ = {isa = PBXFileReference; lastKnownFileType = folder.assetcatalog; path = Assets.xcassets; sourceTree = "<group>"; };
		60C815351F62326800CEC5D6 /* Base */ = {isa = PBXFileReference; lastKnownFileType = file.storyboard; name = Base; path = Base.lproj/LaunchScreen.storyboard; sourceTree = "<group>"; };
		60C815371F62326800CEC5D6 /* Info.plist */ = {isa = PBXFileReference; lastKnownFileType = text.plist.xml; path = Info.plist; sourceTree = "<group>"; };
		60C8153C1F62326800CEC5D6 /* PBNetServiceTests.xctest */ = {isa = PBXFileReference; explicitFileType = wrapper.cfbundle; includeInIndex = 0; path = PBNetServiceTests.xctest; sourceTree = BUILT_PRODUCTS_DIR; };
		60C815401F62326800CEC5D6 /* PBNetServiceTests.m */ = {isa = PBXFileReference; lastKnownFileType = sourcecode.c.objc; path = PBNetServiceTests.m; sourceTree = "<group>"; };
		60C815421F62326900CEC5D6 /* Info.plist */ = {isa = PBXFileReference; lastKnownFileType = text.plist.xml; path = Info.plist; sourceTree = "<group>"; };
		60C815471F62326900CEC5D6 /* PBNetServiceUITests.xctest */ = {isa = PBXFileReference; explicitFileType = wrapper.cfbundle; includeInIndex = 0; path = PBNetServiceUITests.xctest; sourceTree = BUILT_PRODUCTS_DIR; };
		60C8154B1F62326900CEC5D6 /* PBNetServiceUITests.m */ = {isa = PBXFileReference; lastKnownFileType = sourcecode.c.objc; path = PBNetServiceUITests.m; sourceTree = "<group>"; };
		60C8154D1F62326900CEC5D6 /* Info.plist */ = {isa = PBXFileReference; lastKnownFileType = text.plist.xml; path = Info.plist; sourceTree = "<group>"; };
		60C8155B1F6233C600CEC5D6 /* balanceMap.json */ = {isa = PBXFileReference; fileEncoding = 4; lastKnownFileType = text.json; path = balanceMap.json; sourceTree = "<group>"; };
		60C8155C1F6233C600CEC5D6 /* flk_dev.cer */ = {isa = PBXFileReference; lastKnownFileType = file; path = flk_dev.cer; sourceTree = "<group>"; };
		60C8155D1F6233C600CEC5D6 /* flk_test.cer */ = {isa = PBXFileReference; lastKnownFileType = file; path = flk_test.cer; sourceTree = "<group>"; };
		60C815601F6233C600CEC5D6 /* NSURLSessionTask+PBHelper.h */ = {isa = PBXFileReference; fileEncoding = 4; lastKnownFileType = sourcecode.c.h; path = "NSURLSessionTask+PBHelper.h"; sourceTree = "<group>"; };
		60C815611F6233C600CEC5D6 /* NSURLSessionTask+PBHelper.m */ = {isa = PBXFileReference; fileEncoding = 4; lastKnownFileType = sourcecode.c.objc; path = "NSURLSessionTask+PBHelper.m"; sourceTree = "<group>"; };
		60C815641F6233C600CEC5D6 /* FLKNetCore.h */ = {isa = PBXFileReference; fileEncoding = 4; lastKnownFileType = sourcecode.c.h; path = FLKNetCore.h; sourceTree = "<group>"; };
		60C815651F6233C600CEC5D6 /* FLKNetCore.m */ = {isa = PBXFileReference; fileEncoding = 4; lastKnownFileType = sourcecode.c.objc; path = FLKNetCore.m; sourceTree = "<group>"; };
		60C815661F6233C600CEC5D6 /* FLKSecurityPolicy.h */ = {isa = PBXFileReference; fileEncoding = 4; lastKnownFileType = sourcecode.c.h; path = FLKSecurityPolicy.h; sourceTree = "<group>"; };
		60C815671F6233C600CEC5D6 /* FLKSecurityPolicy.m */ = {isa = PBXFileReference; fileEncoding = 4; lastKnownFileType = sourcecode.c.objc; path = FLKSecurityPolicy.m; sourceTree = "<group>"; };
		60C815681F6233C600CEC5D6 /* FLKNetService.h */ = {isa = PBXFileReference; fileEncoding = 4; lastKnownFileType = sourcecode.c.h; path = FLKNetService.h; sourceTree = "<group>"; };
		60C815691F6233C600CEC5D6 /* FLKNetService.m */ = {isa = PBXFileReference; fileEncoding = 4; lastKnownFileType = sourcecode.c.objc; path = FLKNetService.m; sourceTree = "<group>"; };
		60C8156B1F6233C600CEC5D6 /* PBNetService.h */ = {isa = PBXFileReference; fileEncoding = 4; lastKnownFileType = sourcecode.c.h; path = PBNetService.h; sourceTree = "<group>"; };
		60C8156C1F6233C600CEC5D6 /* PBNetService.m */ = {isa = PBXFileReference; fileEncoding = 4; lastKnownFileType = sourcecode.c.objc; path = PBNetService.m; sourceTree = "<group>"; };
		62B80142B8BB1876C7740EC2 /* Pods-PBNetService.release.xcconfig */ = {isa = PBXFileReference; includeInIndex = 1; lastKnownFileType = text.xcconfig; name = "Pods-PBNetService.release.xcconfig"; path = "Pods/Target Support Files/Pods-PBNetService/Pods-PBNetService.release.xcconfig"; sourceTree = "<group>"; };
		66121C97DBEAE2FCF786EA8B /* libPods-PBNetService.a */ = {isa = PBXFileReference; explicitFileType = archive.ar; includeInIndex = 0; path = "libPods-PBNetService.a"; sourceTree = BUILT_PRODUCTS_DIR; };
/* End PBXFileReference section */

/* Begin PBXFrameworksBuildPhase section */
		60C815201F62326400CEC5D6 /* Frameworks */ = {
			isa = PBXFrameworksBuildPhase;
			buildActionMask = 2147483647;
			files = (
				0F683080CAD86A558A1603A9 /* libPods-PBNetService.a in Frameworks */,
			);
			runOnlyForDeploymentPostprocessing = 0;
		};
		60C815391F62326800CEC5D6 /* Frameworks */ = {
			isa = PBXFrameworksBuildPhase;
			buildActionMask = 2147483647;
			files = (
			);
			runOnlyForDeploymentPostprocessing = 0;
		};
		60C815441F62326900CEC5D6 /* Frameworks */ = {
			isa = PBXFrameworksBuildPhase;
			buildActionMask = 2147483647;
			files = (
			);
			runOnlyForDeploymentPostprocessing = 0;
		};
/* End PBXFrameworksBuildPhase section */

/* Begin PBXGroup section */
		1BF132FC06EEB39D48CD4BA4 /* Pods */ = {
			isa = PBXGroup;
			children = (
				14097660FD12C1ECA7BF0077 /* Pods-PBNetService.debug.xcconfig */,
				62B80142B8BB1876C7740EC2 /* Pods-PBNetService.release.xcconfig */,
			);
			name = Pods;
			sourceTree = "<group>";
		};
		60C8151A1F62326400CEC5D6 = {
			isa = PBXGroup;
			children = (
				60C815251F62326400CEC5D6 /* PBNetService */,
				60C8153F1F62326800CEC5D6 /* PBNetServiceTests */,
				60C8154A1F62326900CEC5D6 /* PBNetServiceUITests */,
				60C815241F62326400CEC5D6 /* Products */,
				1BF132FC06EEB39D48CD4BA4 /* Pods */,
				9589B12E3B5E19B6AE831F55 /* Frameworks */,
			);
			sourceTree = "<group>";
		};
		60C815241F62326400CEC5D6 /* Products */ = {
			isa = PBXGroup;
			children = (
				60C815231F62326400CEC5D6 /* PBNetService.app */,
				60C8153C1F62326800CEC5D6 /* PBNetServiceTests.xctest */,
				60C815471F62326900CEC5D6 /* PBNetServiceUITests.xctest */,
			);
			name = Products;
			sourceTree = "<group>";
		};
		60C815251F62326400CEC5D6 /* PBNetService */ = {
			isa = PBXGroup;
			children = (
				60C815591F6233C600CEC5D6 /* Pod */,
				60C815291F62326500CEC5D6 /* AppDelegate.h */,
				60C8152A1F62326600CEC5D6 /* AppDelegate.m */,
				60C8152C1F62326600CEC5D6 /* ViewController.h */,
				60C8152D1F62326600CEC5D6 /* ViewController.m */,
				60C8152F1F62326700CEC5D6 /* Main.storyboard */,
				60C815321F62326800CEC5D6 /* Assets.xcassets */,
				60C815341F62326800CEC5D6 /* LaunchScreen.storyboard */,
				60C815371F62326800CEC5D6 /* Info.plist */,
				60C815261F62326500CEC5D6 /* Supporting Files */,
			);
			path = PBNetService;
			sourceTree = "<group>";
		};
		60C815261F62326500CEC5D6 /* Supporting Files */ = {
			isa = PBXGroup;
			children = (
				60C815271F62326500CEC5D6 /* main.m */,
			);
			name = "Supporting Files";
			sourceTree = "<group>";
		};
		60C8153F1F62326800CEC5D6 /* PBNetServiceTests */ = {
			isa = PBXGroup;
			children = (
				60C815401F62326800CEC5D6 /* PBNetServiceTests.m */,
				60C815421F62326900CEC5D6 /* Info.plist */,
			);
			path = PBNetServiceTests;
			sourceTree = "<group>";
		};
		60C8154A1F62326900CEC5D6 /* PBNetServiceUITests */ = {
			isa = PBXGroup;
			children = (
				60C8154B1F62326900CEC5D6 /* PBNetServiceUITests.m */,
				60C8154D1F62326900CEC5D6 /* Info.plist */,
			);
			path = PBNetServiceUITests;
			sourceTree = "<group>";
		};
		60C815591F6233C600CEC5D6 /* Pod */ = {
			isa = PBXGroup;
			children = (
				60C8155A1F6233C600CEC5D6 /* Assets */,
				60C8155E1F6233C600CEC5D6 /* Category */,
				60C815621F6233C600CEC5D6 /* Classes */,
				60C8156A1F6233C600CEC5D6 /* PublicClasses */,
			);
			path = Pod;
			sourceTree = "<group>";
		};
		60C8155A1F6233C600CEC5D6 /* Assets */ = {
			isa = PBXGroup;
			children = (
				60C8155B1F6233C600CEC5D6 /* balanceMap.json */,
				60C8155C1F6233C600CEC5D6 /* flk_dev.cer */,
				60C8155D1F6233C600CEC5D6 /* flk_test.cer */,
			);
			path = Assets;
			sourceTree = "<group>";
		};
		60C8155E1F6233C600CEC5D6 /* Category */ = {
			isa = PBXGroup;
			children = (
				60C8155F1F6233C600CEC5D6 /* NSURLSessionTask */,
			);
			path = Category;
			sourceTree = "<group>";
		};
		60C8155F1F6233C600CEC5D6 /* NSURLSessionTask */ = {
			isa = PBXGroup;
			children = (
				60C815601F6233C600CEC5D6 /* NSURLSessionTask+PBHelper.h */,
				60C815611F6233C600CEC5D6 /* NSURLSessionTask+PBHelper.m */,
			);
			path = NSURLSessionTask;
			sourceTree = "<group>";
		};
		60C815621F6233C600CEC5D6 /* Classes */ = {
			isa = PBXGroup;
			children = (
				60C815631F6233C600CEC5D6 /* Core */,
				60C815681F6233C600CEC5D6 /* FLKNetService.h */,
				60C815691F6233C600CEC5D6 /* FLKNetService.m */,
			);
			path = Classes;
			sourceTree = "<group>";
		};
		60C815631F6233C600CEC5D6 /* Core */ = {
			isa = PBXGroup;
			children = (
				60C815641F6233C600CEC5D6 /* FLKNetCore.h */,
				60C815651F6233C600CEC5D6 /* FLKNetCore.m */,
				60C815661F6233C600CEC5D6 /* FLKSecurityPolicy.h */,
				60C815671F6233C600CEC5D6 /* FLKSecurityPolicy.m */,
			);
			path = Core;
			sourceTree = "<group>";
		};
		60C8156A1F6233C600CEC5D6 /* PublicClasses */ = {
			isa = PBXGroup;
			children = (
				60C8156B1F6233C600CEC5D6 /* PBNetService.h */,
				60C8156C1F6233C600CEC5D6 /* PBNetService.m */,
			);
			path = PublicClasses;
			sourceTree = "<group>";
		};
		9589B12E3B5E19B6AE831F55 /* Frameworks */ = {
			isa = PBXGroup;
			children = (
				66121C97DBEAE2FCF786EA8B /* libPods-PBNetService.a */,
			);
			name = Frameworks;
			sourceTree = "<group>";
		};
/* End PBXGroup section */

/* Begin PBXNativeTarget section */
		60C815221F62326400CEC5D6 /* PBNetService */ = {
			isa = PBXNativeTarget;
			buildConfigurationList = 60C815501F62326900CEC5D6 /* Build configuration list for PBXNativeTarget "PBNetService" */;
			buildPhases = (
				67E6AFE3E10CACA770DA1E86 /* [CP] Check Pods Manifest.lock */,
				60C8151F1F62326400CEC5D6 /* Sources */,
				60C815201F62326400CEC5D6 /* Frameworks */,
				60C815211F62326400CEC5D6 /* Resources */,
				4AD78E343623497EB9D46B47 /* [CP] Embed Pods Frameworks */,
				C3FE9810907C9A63AF6FC621 /* [CP] Copy Pods Resources */,
			);
			buildRules = (
			);
			dependencies = (
			);
			name = PBNetService;
			productName = PBNetService;
			productReference = 60C815231F62326400CEC5D6 /* PBNetService.app */;
			productType = "com.apple.product-type.application";
		};
		60C8153B1F62326800CEC5D6 /* PBNetServiceTests */ = {
			isa = PBXNativeTarget;
			buildConfigurationList = 60C815531F62326900CEC5D6 /* Build configuration list for PBXNativeTarget "PBNetServiceTests" */;
			buildPhases = (
				60C815381F62326800CEC5D6 /* Sources */,
				60C815391F62326800CEC5D6 /* Frameworks */,
				60C8153A1F62326800CEC5D6 /* Resources */,
			);
			buildRules = (
			);
			dependencies = (
				60C8153E1F62326800CEC5D6 /* PBXTargetDependency */,
			);
			name = PBNetServiceTests;
			productName = PBNetServiceTests;
			productReference = 60C8153C1F62326800CEC5D6 /* PBNetServiceTests.xctest */;
			productType = "com.apple.product-type.bundle.unit-test";
		};
		60C815461F62326900CEC5D6 /* PBNetServiceUITests */ = {
			isa = PBXNativeTarget;
			buildConfigurationList = 60C815561F62326900CEC5D6 /* Build configuration list for PBXNativeTarget "PBNetServiceUITests" */;
			buildPhases = (
				60C815431F62326900CEC5D6 /* Sources */,
				60C815441F62326900CEC5D6 /* Frameworks */,
				60C815451F62326900CEC5D6 /* Resources */,
			);
			buildRules = (
			);
			dependencies = (
				60C815491F62326900CEC5D6 /* PBXTargetDependency */,
			);
			name = PBNetServiceUITests;
			productName = PBNetServiceUITests;
			productReference = 60C815471F62326900CEC5D6 /* PBNetServiceUITests.xctest */;
			productType = "com.apple.product-type.bundle.ui-testing";
		};
/* End PBXNativeTarget section */

/* Begin PBXProject section */
		60C8151B1F62326400CEC5D6 /* Project object */ = {
			isa = PBXProject;
			attributes = {
				LastUpgradeCheck = 0830;
				ORGANIZATIONNAME = nanhujiaju;
				TargetAttributes = {
					60C815221F62326400CEC5D6 = {
						CreatedOnToolsVersion = 8.3.3;
						DevelopmentTeam = M8K6A7692X;
						ProvisioningStyle = Automatic;
					};
					60C8153B1F62326800CEC5D6 = {
						CreatedOnToolsVersion = 8.3.3;
						DevelopmentTeam = M8K6A7692X;
						ProvisioningStyle = Automatic;
						TestTargetID = 60C815221F62326400CEC5D6;
					};
					60C815461F62326900CEC5D6 = {
						CreatedOnToolsVersion = 8.3.3;
						DevelopmentTeam = M8K6A7692X;
						ProvisioningStyle = Automatic;
						TestTargetID = 60C815221F62326400CEC5D6;
					};
				};
			};
			buildConfigurationList = 60C8151E1F62326400CEC5D6 /* Build configuration list for PBXProject "PBNetService" */;
			compatibilityVersion = "Xcode 3.2";
			developmentRegion = English;
			hasScannedForEncodings = 0;
			knownRegions = (
				en,
				Base,
			);
			mainGroup = 60C8151A1F62326400CEC5D6;
			productRefGroup = 60C815241F62326400CEC5D6 /* Products */;
			projectDirPath = "";
			projectRoot = "";
			targets = (
				60C815221F62326400CEC5D6 /* PBNetService */,
				60C8153B1F62326800CEC5D6 /* PBNetServiceTests */,
				60C815461F62326900CEC5D6 /* PBNetServiceUITests */,
			);
		};
/* End PBXProject section */

/* Begin PBXResourcesBuildPhase section */
		60C815211F62326400CEC5D6 /* Resources */ = {
			isa = PBXResourcesBuildPhase;
			buildActionMask = 2147483647;
			files = (
				60C8156E1F6233C600CEC5D6 /* flk_dev.cer in Resources */,
				60C815361F62326800CEC5D6 /* LaunchScreen.storyboard in Resources */,
				60C8156F1F6233C600CEC5D6 /* flk_test.cer in Resources */,
				60C815331F62326800CEC5D6 /* Assets.xcassets in Resources */,
				60C815311F62326700CEC5D6 /* Main.storyboard in Resources */,
				60C8156D1F6233C600CEC5D6 /* balanceMap.json in Resources */,
			);
			runOnlyForDeploymentPostprocessing = 0;
		};
		60C8153A1F62326800CEC5D6 /* Resources */ = {
			isa = PBXResourcesBuildPhase;
			buildActionMask = 2147483647;
			files = (
			);
			runOnlyForDeploymentPostprocessing = 0;
		};
		60C815451F62326900CEC5D6 /* Resources */ = {
			isa = PBXResourcesBuildPhase;
			buildActionMask = 2147483647;
			files = (
			);
			runOnlyForDeploymentPostprocessing = 0;
		};
/* End PBXResourcesBuildPhase section */

/* Begin PBXShellScriptBuildPhase section */
		4AD78E343623497EB9D46B47 /* [CP] Embed Pods Frameworks */ = {
			isa = PBXShellScriptBuildPhase;
			buildActionMask = 2147483647;
			files = (
			);
			inputPaths = (
			);
			name = "[CP] Embed Pods Frameworks";
			outputPaths = (
			);
			runOnlyForDeploymentPostprocessing = 0;
			shellPath = /bin/sh;
			shellScript = "\"${SRCROOT}/Pods/Target Support Files/Pods-PBNetService/Pods-PBNetService-frameworks.sh\"\n";
			showEnvVarsInLog = 0;
		};
		67E6AFE3E10CACA770DA1E86 /* [CP] Check Pods Manifest.lock */ = {
			isa = PBXShellScriptBuildPhase;
			buildActionMask = 2147483647;
			files = (
			);
			inputPaths = (
			);
			name = "[CP] Check Pods Manifest.lock";
			outputPaths = (
			);
			runOnlyForDeploymentPostprocessing = 0;
			shellPath = /bin/sh;
			shellScript = "diff \"${PODS_ROOT}/../Podfile.lock\" \"${PODS_ROOT}/Manifest.lock\" > /dev/null\nif [ $? != 0 ] ; then\n    # print error to STDERR\n    echo \"error: The sandbox is not in sync with the Podfile.lock. Run 'pod install' or update your CocoaPods installation.\" >&2\n    exit 1\nfi\n";
			showEnvVarsInLog = 0;
		};
		C3FE9810907C9A63AF6FC621 /* [CP] Copy Pods Resources */ = {
			isa = PBXShellScriptBuildPhase;
			buildActionMask = 2147483647;
			files = (
			);
			inputPaths = (
			);
			name = "[CP] Copy Pods Resources";
			outputPaths = (
			);
			runOnlyForDeploymentPostprocessing = 0;
			shellPath = /bin/sh;
			shellScript = "\"${SRCROOT}/Pods/Target Support Files/Pods-PBNetService/Pods-PBNetService-resources.sh\"\n";
			showEnvVarsInLog = 0;
		};
/* End PBXShellScriptBuildPhase section */

/* Begin PBXSourcesBuildPhase section */
		60C8151F1F62326400CEC5D6 /* Sources */ = {
			isa = PBXSourcesBuildPhase;
			buildActionMask = 2147483647;
			files = (
				60C8152E1F62326600CEC5D6 /* ViewController.m in Sources */,
				60C815721F6233C600CEC5D6 /* FLKSecurityPolicy.m in Sources */,
				60C8152B1F62326600CEC5D6 /* AppDelegate.m in Sources */,
				60C815741F6233C600CEC5D6 /* PBNetService.m in Sources */,
				60C815701F6233C600CEC5D6 /* NSURLSessionTask+PBHelper.m in Sources */,
				60C815731F6233C600CEC5D6 /* FLKNetService.m in Sources */,
				60C815711F6233C600CEC5D6 /* FLKNetCore.m in Sources */,
				60C815281F62326500CEC5D6 /* main.m in Sources */,
			);
			runOnlyForDeploymentPostprocessing = 0;
		};
		60C815381F62326800CEC5D6 /* Sources */ = {
			isa = PBXSourcesBuildPhase;
			buildActionMask = 2147483647;
			files = (
				60C815411F62326800CEC5D6 /* PBNetServiceTests.m in Sources */,
			);
			runOnlyForDeploymentPostprocessing = 0;
		};
		60C815431F62326900CEC5D6 /* Sources */ = {
			isa = PBXSourcesBuildPhase;
			buildActionMask = 2147483647;
			files = (
				60C8154C1F62326900CEC5D6 /* PBNetServiceUITests.m in Sources */,
			);
			runOnlyForDeploymentPostprocessing = 0;
		};
/* End PBXSourcesBuildPhase section */

/* Begin PBXTargetDependency section */
		60C8153E1F62326800CEC5D6 /* PBXTargetDependency */ = {
			isa = PBXTargetDependency;
			target = 60C815221F62326400CEC5D6 /* PBNetService */;
			targetProxy = 60C8153D1F62326800CEC5D6 /* PBXContainerItemProxy */;
		};
		60C815491F62326900CEC5D6 /* PBXTargetDependency */ = {
			isa = PBXTargetDependency;
			target = 60C815221F62326400CEC5D6 /* PBNetService */;
			targetProxy = 60C815481F62326900CEC5D6 /* PBXContainerItemProxy */;
		};
/* End PBXTargetDependency section */

/* Begin PBXVariantGroup section */
		60C8152F1F62326700CEC5D6 /* Main.storyboard */ = {
			isa = PBXVariantGroup;
			children = (
				60C815301F62326700CEC5D6 /* Base */,
			);
			name = Main.storyboard;
			sourceTree = "<group>";
		};
		60C815341F62326800CEC5D6 /* LaunchScreen.storyboard */ = {
			isa = PBXVariantGroup;
			children = (
				60C815351F62326800CEC5D6 /* Base */,
			);
			name = LaunchScreen.storyboard;
			sourceTree = "<group>";
		};
/* End PBXVariantGroup section */

/* Begin XCBuildConfiguration section */
		60C8154E1F62326900CEC5D6 /* Debug */ = {
			isa = XCBuildConfiguration;
			buildSettings = {
				ALWAYS_SEARCH_USER_PATHS = NO;
				CLANG_ANALYZER_NONNULL = YES;
				CLANG_ANALYZER_NUMBER_OBJECT_CONVERSION = YES_AGGRESSIVE;
				CLANG_CXX_LANGUAGE_STANDARD = "gnu++0x";
				CLANG_CXX_LIBRARY = "libc++";
				CLANG_ENABLE_MODULES = YES;
				CLANG_ENABLE_OBJC_ARC = YES;
				CLANG_WARN_BOOL_CONVERSION = YES;
				CLANG_WARN_CONSTANT_CONVERSION = YES;
				CLANG_WARN_DIRECT_OBJC_ISA_USAGE = YES_ERROR;
				CLANG_WARN_DOCUMENTATION_COMMENTS = YES;
				CLANG_WARN_EMPTY_BODY = YES;
				CLANG_WARN_ENUM_CONVERSION = YES;
				CLANG_WARN_INFINITE_RECURSION = YES;
				CLANG_WARN_INT_CONVERSION = YES;
				CLANG_WARN_OBJC_ROOT_CLASS = YES_ERROR;
				CLANG_WARN_SUSPICIOUS_MOVE = YES;
				CLANG_WARN_UNREACHABLE_CODE = YES;
				CLANG_WARN__DUPLICATE_METHOD_MATCH = YES;
				"CODE_SIGN_IDENTITY[sdk=iphoneos*]" = "iPhone Developer";
				COPY_PHASE_STRIP = NO;
				DEBUG_INFORMATION_FORMAT = dwarf;
				ENABLE_STRICT_OBJC_MSGSEND = YES;
				ENABLE_TESTABILITY = YES;
				GCC_C_LANGUAGE_STANDARD = gnu99;
				GCC_DYNAMIC_NO_PIC = NO;
				GCC_NO_COMMON_BLOCKS = YES;
				GCC_OPTIMIZATION_LEVEL = 0;
				GCC_PREPROCESSOR_DEFINITIONS = (
					"DEBUG=1",
					"$(inherited)",
				);
				GCC_WARN_64_TO_32_BIT_CONVERSION = YES;
				GCC_WARN_ABOUT_RETURN_TYPE = YES_ERROR;
				GCC_WARN_UNDECLARED_SELECTOR = YES;
				GCC_WARN_UNINITIALIZED_AUTOS = YES_AGGRESSIVE;
				GCC_WARN_UNUSED_FUNCTION = YES;
				GCC_WARN_UNUSED_VARIABLE = YES;
				IPHONEOS_DEPLOYMENT_TARGET = 10.3;
				MTL_ENABLE_DEBUG_INFO = YES;
				ONLY_ACTIVE_ARCH = YES;
				SDKROOT = iphoneos;
				TARGETED_DEVICE_FAMILY = "1,2";
			};
			name = Debug;
		};
		60C8154F1F62326900CEC5D6 /* Release */ = {
			isa = XCBuildConfiguration;
			buildSettings = {
				ALWAYS_SEARCH_USER_PATHS = NO;
				CLANG_ANALYZER_NONNULL = YES;
				CLANG_ANALYZER_NUMBER_OBJECT_CONVERSION = YES_AGGRESSIVE;
				CLANG_CXX_LANGUAGE_STANDARD = "gnu++0x";
				CLANG_CXX_LIBRARY = "libc++";
				CLANG_ENABLE_MODULES = YES;
				CLANG_ENABLE_OBJC_ARC = YES;
				CLANG_WARN_BOOL_CONVERSION = YES;
				CLANG_WARN_CONSTANT_CONVERSION = YES;
				CLANG_WARN_DIRECT_OBJC_ISA_USAGE = YES_ERROR;
				CLANG_WARN_DOCUMENTATION_COMMENTS = YES;
				CLANG_WARN_EMPTY_BODY = YES;
				CLANG_WARN_ENUM_CONVERSION = YES;
				CLANG_WARN_INFINITE_RECURSION = YES;
				CLANG_WARN_INT_CONVERSION = YES;
				CLANG_WARN_OBJC_ROOT_CLASS = YES_ERROR;
				CLANG_WARN_SUSPICIOUS_MOVE = YES;
				CLANG_WARN_UNREACHABLE_CODE = YES;
				CLANG_WARN__DUPLICATE_METHOD_MATCH = YES;
				"CODE_SIGN_IDENTITY[sdk=iphoneos*]" = "iPhone Developer";
				COPY_PHASE_STRIP = NO;
				DEBUG_INFORMATION_FORMAT = "dwarf-with-dsym";
				ENABLE_NS_ASSERTIONS = NO;
				ENABLE_STRICT_OBJC_MSGSEND = YES;
				GCC_C_LANGUAGE_STANDARD = gnu99;
				GCC_NO_COMMON_BLOCKS = YES;
				GCC_WARN_64_TO_32_BIT_CONVERSION = YES;
				GCC_WARN_ABOUT_RETURN_TYPE = YES_ERROR;
				GCC_WARN_UNDECLARED_SELECTOR = YES;
				GCC_WARN_UNINITIALIZED_AUTOS = YES_AGGRESSIVE;
				GCC_WARN_UNUSED_FUNCTION = YES;
				GCC_WARN_UNUSED_VARIABLE = YES;
				IPHONEOS_DEPLOYMENT_TARGET = 10.3;
				MTL_ENABLE_DEBUG_INFO = NO;
				SDKROOT = iphoneos;
				TARGETED_DEVICE_FAMILY = "1,2";
				VALIDATE_PRODUCT = YES;
			};
			name = Release;
		};
		60C815511F62326900CEC5D6 /* Debug */ = {
			isa = XCBuildConfiguration;
			baseConfigurationReference = 14097660FD12C1ECA7BF0077 /* Pods-PBNetService.debug.xcconfig */;
			buildSettings = {
				ASSETCATALOG_COMPILER_APPICON_NAME = AppIcon;
				DEVELOPMENT_TEAM = M8K6A7692X;
				INFOPLIST_FILE = PBNetService/Info.plist;
				IPHONEOS_DEPLOYMENT_TARGET = 8.0;
				LD_RUNPATH_SEARCH_PATHS = "$(inherited) @executable_path/Frameworks";
				PRODUCT_BUNDLE_IDENTIFIER = com.nanhu.PBNetService;
				PRODUCT_NAME = "$(TARGET_NAME)";
			};
			name = Debug;
		};
		60C815521F62326900CEC5D6 /* Release */ = {
			isa = XCBuildConfiguration;
			baseConfigurationReference = 62B80142B8BB1876C7740EC2 /* Pods-PBNetService.release.xcconfig */;
			buildSettings = {
				ASSETCATALOG_COMPILER_APPICON_NAME = AppIcon;
				DEVELOPMENT_TEAM = M8K6A7692X;
				INFOPLIST_FILE = PBNetService/Info.plist;
				IPHONEOS_DEPLOYMENT_TARGET = 8.0;
				LD_RUNPATH_SEARCH_PATHS = "$(inherited) @executable_path/Frameworks";
				PRODUCT_BUNDLE_IDENTIFIER = com.nanhu.PBNetService;
				PRODUCT_NAME = "$(TARGET_NAME)";
			};
			name = Release;
		};
		60C815541F62326900CEC5D6 /* Debug */ = {
			isa = XCBuildConfiguration;
			buildSettings = {
				BUNDLE_LOADER = "$(TEST_HOST)";
				DEVELOPMENT_TEAM = M8K6A7692X;
				INFOPLIST_FILE = PBNetServiceTests/Info.plist;
				LD_RUNPATH_SEARCH_PATHS = "$(inherited) @executable_path/Frameworks @loader_path/Frameworks";
				PRODUCT_BUNDLE_IDENTIFIER = com.nanhu.PBNetServiceTests;
				PRODUCT_NAME = "$(TARGET_NAME)";
				TEST_HOST = "$(BUILT_PRODUCTS_DIR)/PBNetService.app/PBNetService";
			};
			name = Debug;
		};
		60C815551F62326900CEC5D6 /* Release */ = {
			isa = XCBuildConfiguration;
			buildSettings = {
				BUNDLE_LOADER = "$(TEST_HOST)";
				DEVELOPMENT_TEAM = M8K6A7692X;
				INFOPLIST_FILE = PBNetServiceTests/Info.plist;
				LD_RUNPATH_SEARCH_PATHS = "$(inherited) @executable_path/Frameworks @loader_path/Frameworks";
				PRODUCT_BUNDLE_IDENTIFIER = com.nanhu.PBNetServiceTests;
				PRODUCT_NAME = "$(TARGET_NAME)";
				TEST_HOST = "$(BUILT_PRODUCTS_DIR)/PBNetService.app/PBNetService";
			};
			name = Release;
		};
		60C815571F62326900CEC5D6 /* Debug */ = {
			isa = XCBuildConfiguration;
			buildSettings = {
				DEVELOPMENT_TEAM = M8K6A7692X;
				INFOPLIST_FILE = PBNetServiceUITests/Info.plist;
				LD_RUNPATH_SEARCH_PATHS = "$(inherited) @executable_path/Frameworks @loader_path/Frameworks";
				PRODUCT_BUNDLE_IDENTIFIER = com.nanhu.PBNetServiceUITests;
				PRODUCT_NAME = "$(TARGET_NAME)";
				TEST_TARGET_NAME = PBNetService;
			};
			name = Debug;
		};
		60C815581F62326900CEC5D6 /* Release */ = {
			isa = XCBuildConfiguration;
			buildSettings = {
				DEVELOPMENT_TEAM = M8K6A7692X;
				INFOPLIST_FILE = PBNetServiceUITests/Info.plist;
				LD_RUNPATH_SEARCH_PATHS = "$(inherited) @executable_path/Frameworks @loader_path/Frameworks";
				PRODUCT_BUNDLE_IDENTIFIER = com.nanhu.PBNetServiceUITests;
				PRODUCT_NAME = "$(TARGET_NAME)";
				TEST_TARGET_NAME = PBNetService;
			};
			name = Release;
		};
/* End XCBuildConfiguration section */

/* Begin XCConfigurationList section */
		60C8151E1F62326400CEC5D6 /* Build configuration list for PBXProject "PBNetService" */ = {
			isa = XCConfigurationList;
			buildConfigurations = (
				60C8154E1F62326900CEC5D6 /* Debug */,
				60C8154F1F62326900CEC5D6 /* Release */,
			);
			defaultConfigurationIsVisible = 0;
			defaultConfigurationName = Release;
		};
		60C815501F62326900CEC5D6 /* Build configuration list for PBXNativeTarget "PBNetService" */ = {
			isa = XCConfigurationList;
			buildConfigurations = (
				60C815511F62326900CEC5D6 /* Debug */,
				60C815521F62326900CEC5D6 /* Release */,
			);
			defaultConfigurationIsVisible = 0;
			defaultConfigurationName = Release;
		};
		60C815531F62326900CEC5D6 /* Build configuration list for PBXNativeTarget "PBNetServiceTests" */ = {
			isa = XCConfigurationList;
			buildConfigurations = (
				60C815541F62326900CEC5D6 /* Debug */,
				60C815551F62326900CEC5D6 /* Release */,
			);
			defaultConfigurationIsVisible = 0;
			defaultConfigurationName = Release;
		};
		60C815561F62326900CEC5D6 /* Build configuration list for PBXNativeTarget "PBNetServiceUITests" */ = {
			isa = XCConfigurationList;
			buildConfigurations = (
				60C815571F62326900CEC5D6 /* Debug */,
				60C815581F62326900CEC5D6 /* Release */,
			);
			defaultConfigurationIsVisible = 0;
			defaultConfigurationName = Release;
		};
/* End XCConfigurationList section */
	};
	rootObject = 60C8151B1F62326400CEC5D6 /* Project object */;
}
